
Microsoft Visual Studio Solution File, Format Version 12.00
# Visual Studio 15
VisualStudioVersion = 15.0.27130.2010
MinimumVisualStudioVersion = 10.0.40219.1
Project("{FAE04EC0-301F-11D3-BF4B-00C04F79EFBC}") = "BookStore", "BookStore\BookStore.csproj", "{FADEBF32-C256-4BF0-9C32-66B06064DAD5}"
EndProject
Global
	GlobalSection(SolutionConfigurationPlatforms) = preSolution
		Debug|Any CPU = Debug|Any CPU
		Release|Any CPU = Release|Any CPU
	EndGlobalSection
	GlobalSection(ProjectConfigurationPlatforms) = postSolution
		{FADEBF32-C256-4BF0-9C32-66B06064DAD5}.Debug|Any CPU.ActiveCfg = Debug|Any CPU
		{FADEBF32-C256-4BF0-9C32-66B06064DAD5}.Debug|Any CPU.Build.0 = Debug|Any CPU
		{FADEBF32-C256-4BF0-9C32-66B06064DAD5}.Release|Any CPU.ActiveCfg = Release|Any CPU
		{FADEBF32-C256-4BF0-9C32-66B06064DAD5}.Release|Any CPU.Build.0 = Release|Any CPU
	EndGlobalSection
	GlobalSection(SolutionProperties) = preSolution
		HideSolutionNode = FALSE
	EndGlobalSection
	GlobalSection(ExtensibilityGlobals) = postSolution
		SolutionGuid = {6716E6EC-66C4-4019-8C17-4F15DC769166}
	EndGlobalSection
EndGlobal
